{
  "name": "cryptr",
  "version": "0.5.0",
  "lockfileVersion": 2,
  "requires": true,
  "packages": {
    "": {
      "name": "cryptr",
      "version": "0.5.0",
      "license": "Apache-2.0",
      "dependencies": {
        "electron-window-state": "^5.0.3"
      }
    },
    "node_modules/electron-window-state": {
      "version": "5.0.3",
      "resolved": "https://registry.npmjs.org/electron-window-state/-/electron-window-state-5.0.3.tgz",
      "integrity": "sha512-1mNTwCfkolXl3kMf50yW3vE2lZj0y92P/HYWFBrb+v2S/pCka5mdwN3cagKm458A7NjndSwijynXgcLWRodsVg==",
      "dependencies": {
        "jsonfile": "^4.0.0",
        "mkdirp": "^0.5.1"
      },
      "engines": {
        "node": ">=8.0.0"
      }
    },
    "node_modules/graceful-fs": {
      "version": "4.1.15",
      "resolved": "https://registry.npmjs.org/graceful-fs/-/graceful-fs-4.1.15.tgz",
      "integrity": "sha512-6uHUhOPEBgQ24HM+r6b/QwWfZq+yiFcipKFrOFiBEnWdy5sdzYoi+pJeQaPI5qOLRFqWmAXUPQNsielzdLoecA==",
      "optional": true
    },
    "node_modules/jsonfile": {
      "version": "4.0.0",
      "resolved": "https://registry.npmjs.org/jsonfile/-/jsonfile-4.0.0.tgz",
      "integrity": "sha1-h3Gq4HmbZAdrdmQPygWPnBDjPss=",
      "dependencies": {
        "graceful-fs": "^4.1.6"
      },
      "optionalDependencies": {
        "graceful-fs": "^4.1.6"
      }
    },
    "node_modules/minimist": {
      "version": "0.0.8",
      "resolved": "http://registry.npmjs.org/minimist/-/minimist-0.0.8.tgz",
      "integrity": "sha1-hX/Kv8M5fSYluCKCYuhqp6ARsF0="
    },
    "node_modules/mkdirp": {
      "version": "0.5.1",
      "resolved": "http://registry.npmjs.org/mkdirp/-/mkdirp-0.5.1.tgz",
      "integrity": "sha1-MAV0OOrGz3+MR2fzhkjWaX11yQM=",
      "dependencies": {
        "minimist": "0.0.8"
      },
      "bin": {
        "mkdirp": "bin/cmd.js"
      }
    }
  },
  "dependencies": {
    "electron-window-state": {
      "version": "5.0.3",
      "resolved": "https://registry.npmjs.org/electron-window-state/-/electron-window-state-5.0.3.tgz",
      "integrity": "sha512-1mNTwCfkolXl3kMf50yW3vE2lZj0y92P/HYWFBrb+v2S/pCka5mdwN3cagKm458A7NjndSwijynXgcLWRodsVg==",
      "requires": {
        "jsonfile": "^4.0.0",
        "mkdirp": "^0.5.1"
      }
    },
    "graceful-fs": {
      "version": "4.1.15",
      "resolved": "https://registry.npmjs.org/graceful-fs/-/graceful-fs-4.1.15.tgz",
      "integrity": "sha512-6uHUhOPEBgQ24HM+r6b/QwWfZq+yiFcipKFrOFiBEnWdy5sdzYoi+pJeQaPI5qOLRFqWmAXUPQNsielzdLoecA==",
      "optional": true
    },
    "jsonfile": {
      "version": "4.0.0",
      "resolved": "https://registry.npmjs.org/jsonfile/-/jsonfile-4.0.0.tgz",
      "integrity": "sha1-h3Gq4HmbZAdrdmQPygWPnBDjPss=",
      "requires": {
        "graceful-fs": "^4.1.6"
      }
    },
    "minimist": {
      "version": "0.0.8",
      "resolved": "http://registry.npmjs.org/minimist/-/minimist-0.0.8.tgz",
      "integrity": "sha1-hX/Kv8M5fSYluCKCYuhqp6ARsF0="
    },
    "mkdirp": {
      "version": "0.5.1",
      "resolved": "http://registry.npmjs.org/mkdirp/-/mkdirp-0.5.1.tgz",
      "integrity": "sha1-MAV0OOrGz3+MR2fzhkjWaX11yQM=",
      "requires": {
        "minimist": "0.0.8"
      }
    }
  }
}
